{
  "object": {
    "pins": [
      {
        "package": "AWSSDKSwift",
        "repositoryURL": "https://github.com/swift-aws/aws-sdk-swift.git",
        "state": {
          "branch": null,
          "revision": "6345f0a548de02eac0ba5dca217e1857d0a77467",
          "version": "4.7.0"
        }
      },
      {
        "package": "AWSSDKSwiftCore",
        "repositoryURL": "https://github.com/swift-aws/aws-sdk-swift-core.git",
        "state": {
          "branch": null,
          "revision": "2a36809260bcfc38222b85808978c719199612af",
          "version": "4.6.0"
        }
      },
      {
        "package": "HypertextApplicationLanguage",
        "repositoryURL": "https://github.com/swift-aws/HypertextApplicationLanguage.git",
        "state": {
          "branch": null,
          "revision": "aa2c9141d491682f17b2310aed17b9adfc006256",
          "version": "1.1.1"
        }
      },
      {
        "package": "INIParser",
        "repositoryURL": "https://github.com/swift-aws/Perfect-INIParser.git",
        "state": {
          "branch": null,
          "revision": "42de0efc7a01105e19b80d533d3d282a98277f6c",
          "version": "3.0.3"
        }
      },
      {
        "package": "swift-aws-lambda-runtime",
        "repositoryURL": "https://github.com/swift-server/swift-aws-lambda-runtime.git",
        "state": {
          "branch": null,
          "revision": "2bac89639fffd7b1197ab597473a4d10c459a230",
          "version": "0.2.0"
        }
      },
      {
        "package": "swift-backtrace",
        "repositoryURL": "https://github.com/swift-server/swift-backtrace.git",
        "state": {
          "branch": null,
          "revision": "f2fd8c4845a123419c348e0bc4b3839c414077d5",
          "version": "1.2.0"
        }
      },
      {
        "package": "swift-log",
        "repositoryURL": "https://github.com/apple/swift-log.git",
        "state": {
          "branch": null,
          "revision": "74d7b91ceebc85daf387ebb206003f78813f71aa",
          "version": "1.2.0"
        }
      },
      {
        "package": "swift-nio",
        "repositoryURL": "https://github.com/apple/swift-nio.git",
        "state": {
          "branch": null,
          "revision": "120acb15c39aa3217e9888e515de160378fbcc1e",
          "version": "2.18.0"
        }
      },
      {
        "package": "swift-nio-ssl",
        "repositoryURL": "https://github.com/apple/swift-nio-ssl.git",
        "state": {
          "branch": null,
          "revision": "d381bc53edd9de88a75480a2b969bfc26d61ee76",
          "version": "2.8.0"
        }
      },
      {
        "package": "swift-nio-ssl-support",
        "repositoryURL": "https://github.com/apple/swift-nio-ssl-support.git",
        "state": {
          "branch": null,
          "revision": "c02eec4e0e6d351cd092938cf44195a8e669f555",
          "version": "1.0.0"
        }
      },
      {
        "package": "swift-nio-transport-services",
        "repositoryURL": "https://github.com/apple/swift-nio-transport-services.git",
        "state": {
          "branch": null,
          "revision": "f9a95e9bbb4ed70dd6e1e25d65c46e37187f7730",
          "version": "1.7.0"
        }
      }
    ]
  },
  "version": 1
}
